
Microsoft Visual Studio Solution File, Format Version 12.00
# Visual Studio 15
VisualStudioVersion = 15.0.27130.2036
MinimumVisualStudioVersion = 10.0.40219.1
Project("{FAE04EC0-301F-11D3-BF4B-00C04F79EFBC}") = "CapaPresentacion", "CapaPresentacion\CapaPresentacion.csproj", "{444274C7-0116-43BA-8481-0455D6F3E26A}"
EndProject
Global
	GlobalSection(SolutionConfigurationPlatforms) = preSolution
		Debug|Any CPU = Debug|Any CPU
		Release|Any CPU = Release|Any CPU
	EndGlobalSection
	GlobalSection(ProjectConfigurationPlatforms) = postSolution
		{444274C7-0116-43BA-8481-0455D6F3E26A}.Debug|Any CPU.ActiveCfg = Debug|Any CPU
		{444274C7-0116-43BA-8481-0455D6F3E26A}.Debug|Any CPU.Build.0 = Debug|Any CPU
		{444274C7-0116-43BA-8481-0455D6F3E26A}.Release|Any CPU.ActiveCfg = Release|Any CPU
		{444274C7-0116-43BA-8481-0455D6F3E26A}.Release|Any CPU.Build.0 = Release|Any CPU
	EndGlobalSection
	GlobalSection(SolutionProperties) = preSolution
		HideSolutionNode = FALSE
	EndGlobalSection
	GlobalSection(ExtensibilityGlobals) = postSolution
		SolutionGuid = {D2B3A0B9-9F83-4FD0-AB2D-63EB1AE89DDF}
	EndGlobalSection
EndGlobal
